Microsoft Visual Studio Solution File, Format Version 12.00
# Visual Studio 2012
Project("{FAE04EC0-301F-11D3-BF4B-00C04F79EFBC}") = "Game Jam", "Game Jam.csproj", "{C0E02800-BD91-4186-AAF0-B8E9AC357DD2}"
EndProject
Global
	GlobalSection(SolutionConfigurationPlatforms) = preSolution
	Debug|Any CPU = Debug|Any CPU
	ExportDebug|Any CPU = ExportDebug|Any CPU
	ExportRelease|Any CPU = ExportRelease|Any CPU
	EndGlobalSection
	GlobalSection(ProjectConfigurationPlatforms) = postSolution
		{C0E02800-BD91-4186-AAF0-B8E9AC357DD2}.Debug|Any CPU.ActiveCfg = Debug|Any CPU
		{C0E02800-BD91-4186-AAF0-B8E9AC357DD2}.Debug|Any CPU.Build.0 = Debug|Any CPU
		{C0E02800-BD91-4186-AAF0-B8E9AC357DD2}.ExportDebug|Any CPU.ActiveCfg = ExportDebug|Any CPU
		{C0E02800-BD91-4186-AAF0-B8E9AC357DD2}.ExportDebug|Any CPU.Build.0 = ExportDebug|Any CPU
		{C0E02800-BD91-4186-AAF0-B8E9AC357DD2}.ExportRelease|Any CPU.ActiveCfg = ExportRelease|Any CPU
		{C0E02800-BD91-4186-AAF0-B8E9AC357DD2}.ExportRelease|Any CPU.Build.0 = ExportRelease|Any CPU
	EndGlobalSection
EndGlobal
